hash: 6a0b9137284ee4ed83739dfa320d687820a56acddd872566751ebdbc69ccec68
updated: 2017-02-27T14:24:56.970292094Z
imports:
- name: github.com/robertkrimen/otto
  version: 6a77b7cbc37d0c39f7d5fa5766826e541df31fd5
  subpackages:
  - ast
  - dbg
  - file
  - parser
  - registry
  - token
- name: gopkg.in/sourcemap.v1
  version: 6e83acea0053641eff084973fee085f0c193c61a
  subpackages:
  - base64vlq
testImports:
- name: github.com/davecgh/go-spew
  version: 6d212800a42e8ab5c146b8ace3490ee17e5225f9
  subpackages:
  - spew
- name: github.com/pmezard/go-difflib
  version: d8ed2627bdf02c080bf22230dbb337003b7aba2d
  subpackages:
  - difflib
- name: github.com/stretchr/testify
  version: 69483b4bd14f5845b5a1e55bca19e954e827f1d0
  subpackages:
  - assert
