hash: c2000262a394f5141b2123a7aabdcff8d124b82030a998de669b922f918b2d03
updated: 2017-04-03T16:00:31.098477394+01:00
imports:
- name: github.com/eclipse/paho.mqtt.golang
  version: 069f3a089e16f6aac97907342222cb8e13b92d85
  subpackages:
  - packets
- name: github.com/robertkrimen/otto
  version: 6a77b7cbc37d0c39f7d5fa5766826e541df31fd5
  subpackages:
  - ast
  - dbg
  - file
  - parser
  - registry
  - token
- name: github.com/spf13/cast
  version: ce135a4ebeee6cfe9a26c93ee0d37825f26113c7
- name: github.com/thingful/go
  version: b4396920918c6d9693891d9de83553df09b4d752
  subpackages:
  - file
- name: golang.org/x/net
  version: 47990a1ba55743e6ef1affd3a14e5bac8553615d
  subpackages:
  - websocket
- name: gopkg.in/sourcemap.v1
  version: 6e83acea0053641eff084973fee085f0c193c61a
  subpackages:
  - base64vlq
testImports:
- name: github.com/davecgh/go-spew
  version: 6d212800a42e8ab5c146b8ace3490ee17e5225f9
  subpackages:
  - spew
- name: github.com/mdevilliers/go-compose
  version: 24e783b9eebdcded8ac31bdab1de2d79d8788350
  subpackages:
  - compose
- name: github.com/pmezard/go-difflib
  version: d8ed2627bdf02c080bf22230dbb337003b7aba2d
  subpackages:
  - difflib
- name: github.com/stretchr/testify
  version: 69483b4bd14f5845b5a1e55bca19e954e827f1d0
  subpackages:
  - assert
